
Microsoft Visual Studio Solution File, Format Version 12.00
# Visual Studio Version 17
VisualStudioVersion = 17.11.35303.130
MinimumVisualStudioVersion = 10.0.40219.1
Project("{8BC9CEB8-8B4A-11D0-8D11-00A0C91BC942}") = "2", "2.vcxproj", "{70449C61-63D9-4135-B67D-EF2C205D95FF}"
EndProject
Global
	GlobalSection(SolutionConfigurationPlatforms) = preSolution
		Debug|x64 = Debug|x64
		Debug|x86 = Debug|x86
		Release|x64 = Release|x64
		Release|x86 = Release|x86
	EndGlobalSection
	GlobalSection(ProjectConfigurationPlatforms) = postSolution
		{70449C61-63D9-4135-B67D-EF2C205D95FF}.Debug|x64.ActiveCfg = Debug|x64
		{70449C61-63D9-4135-B67D-EF2C205D95FF}.Debug|x64.Build.0 = Debug|x64
		{70449C61-63D9-4135-B67D-EF2C205D95FF}.Debug|x86.ActiveCfg = Debug|Win32
		{70449C61-63D9-4135-B67D-EF2C205D95FF}.Debug|x86.Build.0 = Debug|Win32
		{70449C61-63D9-4135-B67D-EF2C205D95FF}.Release|x64.ActiveCfg = Release|x64
		{70449C61-63D9-4135-B67D-EF2C205D95FF}.Release|x64.Build.0 = Release|x64
		{70449C61-63D9-4135-B67D-EF2C205D95FF}.Release|x86.ActiveCfg = Release|Win32
		{70449C61-63D9-4135-B67D-EF2C205D95FF}.Release|x86.Build.0 = Release|Win32
	EndGlobalSection
	GlobalSection(SolutionProperties) = preSolution
		HideSolutionNode = FALSE
	EndGlobalSection
	GlobalSection(ExtensibilityGlobals) = postSolution
		SolutionGuid = {0BDC464D-28D9-4961-91CD-5B6F36482118}
	EndGlobalSection
EndGlobal
