
Microsoft Visual Studio Solution File, Format Version 12.00
# Visual Studio Version 17
VisualStudioVersion = 17.11.35303.130
MinimumVisualStudioVersion = 10.0.40219.1
Project("{8BC9CEB8-8B4A-11D0-8D11-00A0C91BC942}") = "7-S", "7-S.vcxproj", "{ADA3AA1A-4C2D-4DA1-97E1-F3F454885F01}"
EndProject
Global
	GlobalSection(SolutionConfigurationPlatforms) = preSolution
		Debug|x64 = Debug|x64
		Debug|x86 = Debug|x86
		Release|x64 = Release|x64
		Release|x86 = Release|x86
	EndGlobalSection
	GlobalSection(ProjectConfigurationPlatforms) = postSolution
		{ADA3AA1A-4C2D-4DA1-97E1-F3F454885F01}.Debug|x64.ActiveCfg = Debug|x64
		{ADA3AA1A-4C2D-4DA1-97E1-F3F454885F01}.Debug|x64.Build.0 = Debug|x64
		{ADA3AA1A-4C2D-4DA1-97E1-F3F454885F01}.Debug|x86.ActiveCfg = Debug|Win32
		{ADA3AA1A-4C2D-4DA1-97E1-F3F454885F01}.Debug|x86.Build.0 = Debug|Win32
		{ADA3AA1A-4C2D-4DA1-97E1-F3F454885F01}.Release|x64.ActiveCfg = Release|x64
		{ADA3AA1A-4C2D-4DA1-97E1-F3F454885F01}.Release|x64.Build.0 = Release|x64
		{ADA3AA1A-4C2D-4DA1-97E1-F3F454885F01}.Release|x86.ActiveCfg = Release|Win32
		{ADA3AA1A-4C2D-4DA1-97E1-F3F454885F01}.Release|x86.Build.0 = Release|Win32
	EndGlobalSection
	GlobalSection(SolutionProperties) = preSolution
		HideSolutionNode = FALSE
	EndGlobalSection
	GlobalSection(ExtensibilityGlobals) = postSolution
		SolutionGuid = {4510128E-BAAF-4213-BBDF-90B3A9DF1EF7}
	EndGlobalSection
EndGlobal
